# This file is automatically @generated by Cargo.
# It is not intended for manual editing.
version = 4

[[package]]
name = "packsmith-blocks"
version = "0.1.0"

[[package]]
name = "packsmith-cli"
version = "0.1.0"

[[package]]
name = "packsmith-compiler"
version = "0.1.0"

[[package]]
name = "packsmith-emit"
version = "0.1.0"

[[package]]
name = "packsmith-ir"
version = "0.1.0"

[[package]]
name = "packsmith-mcversion"
version = "0.1.0"

[[package]]
name = "xtask"
version = "0.1.0"
